schema: '2.0'
stages:
  preprocess:
    cmd: python src/preprocess.py
    deps:
    - path: data/raw/employees.csv
      hash: md5
      md5: dff83d38fecbc485d17511435ed5f388
      size: 111
    - path: src/preprocess.py
      hash: md5
      md5: 37306279ccd4556b87b63ed0d0e9effb
      size: 252
    outs:
    - path: data/processed/employees_clean.csv
      hash: md5
      md5: 2a7f53f54fc250c7c6c916c213c14a37
      size: 114
  train:
    cmd: python src/train.py
    deps:
    - path: data/processed/employees_clean.csv
      hash: md5
      md5: 2a7f53f54fc250c7c6c916c213c14a37
      size: 114
    - path: src/train.py
      hash: md5
      md5: 2a258b3cf7c08df9b13336860e052b81
      size: 211
    outs:
    - path: models/model.pkl
      hash: md5
      md5: 83029963dbadbf7c4a565b2c68a79f56
      size: 24
